
Microsoft Visual Studio Solution File, Format Version 12.00
# Visual Studio 2015
Project("{FAE04EC0-301F-11D3-BF4B-00C04F79EFBC}") = "Airport Builder.CSharp", "Airport Builder.CSharp.csproj", "{0A121446-46E1-3D14-212F-5EB2BA9C70BC}"
EndProject
Project("{FAE04EC0-301F-11D3-BF4B-00C04F79EFBC}") = "Airport Builder.CSharp.Editor", "Airport Builder.CSharp.Editor.csproj", "{5E5074C0-26A9-FE79-F4C5-B8D6FE9936C0}"
EndProject
Global
	GlobalSection(SolutionConfigurationPlatforms) = preSolution
		Debug|Any CPU = Debug|Any CPU
		Release|Any CPU = Release|Any CPU
	EndGlobalSection
	GlobalSection(ProjectConfigurationPlatforms) = postSolution
		{0A121446-46E1-3D14-212F-5EB2BA9C70BC}.Debug|Any CPU.ActiveCfg = Debug|Any CPU
		{0A121446-46E1-3D14-212F-5EB2BA9C70BC}.Debug|Any CPU.Build.0 = Debug|Any CPU
		{0A121446-46E1-3D14-212F-5EB2BA9C70BC}.Release|Any CPU.ActiveCfg = Release|Any CPU
		{0A121446-46E1-3D14-212F-5EB2BA9C70BC}.Release|Any CPU.Build.0 = Release|Any CPU
		{5E5074C0-26A9-FE79-F4C5-B8D6FE9936C0}.Debug|Any CPU.ActiveCfg = Debug|Any CPU
		{5E5074C0-26A9-FE79-F4C5-B8D6FE9936C0}.Debug|Any CPU.Build.0 = Debug|Any CPU
		{5E5074C0-26A9-FE79-F4C5-B8D6FE9936C0}.Release|Any CPU.ActiveCfg = Release|Any CPU
		{5E5074C0-26A9-FE79-F4C5-B8D6FE9936C0}.Release|Any CPU.Build.0 = Release|Any CPU
	EndGlobalSection
	GlobalSection(SolutionProperties) = preSolution
		HideSolutionNode = FALSE
	EndGlobalSection
EndGlobal
